
Microsoft Visual Studio Solution File, Format Version 12.00
# Visual Studio Version 16
VisualStudioVersion = 16.0.30406.217
MinimumVisualStudioVersion = 10.0.40219.1
Project("{FAE04EC0-301F-11D3-BF4B-00C04F79EFBC}") = "Hospital", "Hospital\Hospital.csproj", "{EF74FB4D-67FB-4B7D-8DF6-F2EA698D6C87}"
EndProject
Global
	GlobalSection(SolutionConfigurationPlatforms) = preSolution
		Debug|Any CPU = Debug|Any CPU
		Release|Any CPU = Release|Any CPU
	EndGlobalSection
	GlobalSection(ProjectConfigurationPlatforms) = postSolution
		{EF74FB4D-67FB-4B7D-8DF6-F2EA698D6C87}.Debug|Any CPU.ActiveCfg = Debug|Any CPU
		{EF74FB4D-67FB-4B7D-8DF6-F2EA698D6C87}.Debug|Any CPU.Build.0 = Debug|Any CPU
		{EF74FB4D-67FB-4B7D-8DF6-F2EA698D6C87}.Release|Any CPU.ActiveCfg = Release|Any CPU
		{EF74FB4D-67FB-4B7D-8DF6-F2EA698D6C87}.Release|Any CPU.Build.0 = Release|Any CPU
	EndGlobalSection
	GlobalSection(SolutionProperties) = preSolution
		HideSolutionNode = FALSE
	EndGlobalSection
	GlobalSection(ExtensibilityGlobals) = postSolution
		SolutionGuid = {73206B22-6B15-4112-9DFC-F7FD328E769D}
	EndGlobalSection
EndGlobal
